
Microsoft Visual Studio Solution File, Format Version 12.00
Project("{FAE04EC0-301F-11D3-BF4B-00C04F79EFBC}") = "ConsoleApp1", "ConsoleApp1\ConsoleApp1.csproj", "{FC28CB88-AF0E-447F-9C52-96111582AA29}"
EndProject
Global
	GlobalSection(SolutionConfigurationPlatforms) = preSolution
		Debug|Any CPU = Debug|Any CPU
		Release|Any CPU = Release|Any CPU
	EndGlobalSection
	GlobalSection(ProjectConfigurationPlatforms) = postSolution
		{FC28CB88-AF0E-447F-9C52-96111582AA29}.Debug|Any CPU.ActiveCfg = Debug|Any CPU
		{FC28CB88-AF0E-447F-9C52-96111582AA29}.Debug|Any CPU.Build.0 = Debug|Any CPU
		{FC28CB88-AF0E-447F-9C52-96111582AA29}.Release|Any CPU.ActiveCfg = Release|Any CPU
		{FC28CB88-AF0E-447F-9C52-96111582AA29}.Release|Any CPU.Build.0 = Release|Any CPU
	EndGlobalSection
EndGlobal
